{
    "_readme": [
        "This file locks the dependencies of your project to a known state",
        "Read more about it at https://getcomposer.org/doc/01-basic-usage.md#installing-dependencies",
        "This file is @generated automatically"
    ],
    "content-hash": "f94104c84e1b25ac25d52bad20c25a10",
    "packages": [
        {
            "name": "guzzlehttp/ringphp",
            "version": "dev-master",
            "source": {
                "type": "git",
                "url": "https://github.com/guzzle/RingPHP.git",
                "reference": "5e2a174052995663dd68e6b5ad838afd47dd615b"
            },
            "dist": {
                "type": "zip",
                "url": "https://api.github.com/repos/guzzle/RingPHP/zipball/5e2a174052995663dd68e6b5ad838afd47dd615b",
                "reference": "5e2a174052995663dd68e6b5ad838afd47dd615b",
                "shasum": ""
            },
            "require": {
                "guzzlehttp/streams": "~3.0",
                "php": ">=5.4.0",
                "react/promise": "~2.0"
            },
            "require-dev": {
                "ext-curl": "*",
                "phpunit/phpunit": "~4.0"
            },
            "suggest": {
                "ext-curl": "Guzzle will use specific adapters if cURL is present"
            },
            "type": "library",
            "extra": {
                "branch-alias": {
                    "dev-master": "1.1-dev"
                }
            },
            "autoload": {
                "psr-4": {
                    "GuzzleHttp\\Ring\\": "src/"
                }
            },
            "notification-url": "https://packagist.org/downloads/",
            "license": [
                "MIT"
            ],
            "authors": [
                {
                    "name": "Michael Dowling",
                    "email": "mtdowling@gmail.com",
                    "homepage": "https://github.com/mtdowling"
                }
            ],
            "description": "Provides a simple API and specification that abstracts away the details of HTTP into a single PHP function.",
            "time": "2018-07-31T13:22:33+00:00"
        },
        {
            "name": "guzzlehttp/streams",
            "version": "dev-master",
            "source": {
                "type": "git",
                "url": "https://github.com/guzzle/streams.git",
                "reference": "d99a261c616210618ab94fd319cb17eda458cc3e"
            },
            "dist": {
                "type": "zip",
                "url": "https://api.github.com/repos/guzzle/streams/zipball/d99a261c616210618ab94fd319cb17eda458cc3e",
                "reference": "d99a261c616210618ab94fd319cb17eda458cc3e",
                "shasum": ""
            },
            "require": {
                "php": ">=5.4.0"
            },
            "require-dev": {
                "phpunit/phpunit": "~4.0"
            },
            "type": "library",
            "extra": {
                "branch-alias": {
                    "dev-master": "3.0-dev"
                }
            },
            "autoload": {
                "psr-4": {
                    "GuzzleHttp\\Stream\\": "src/"
                }
            },
            "notification-url": "https://packagist.org/downloads/",
            "license": [
                "MIT"
            ],
            "authors": [
                {
                    "name": "Michael Dowling",
                    "email": "mtdowling@gmail.com",
                    "homepage": "https://github.com/mtdowling"
                }
            ],
            "description": "Provides a simple abstraction over streams of data",
            "homepage": "http://guzzlephp.org/",
            "keywords": [
                "Guzzle",
                "stream"
            ],
            "time": "2016-04-13T16:32:01+00:00"
        },
        {
            "name": "psr/log",
            "version": "dev-master",
            "source": {
                "type": "git",
                "url": "https://github.com/php-fig/log.git",
                "reference": "c4421fcac1edd5a324fda73e589a5cf96e52ffd0"
            },
            "dist": {
                "type": "zip",
                "url": "https://api.github.com/repos/php-fig/log/zipball/c4421fcac1edd5a324fda73e589a5cf96e52ffd0",
                "reference": "c4421fcac1edd5a324fda73e589a5cf96e52ffd0",
                "shasum": ""
            },
            "require": {
                "php": ">=5.3.0"
            },
            "type": "library",
            "extra": {
                "branch-alias": {
                    "dev-master": "1.1.x-dev"
                }
            },
            "autoload": {
                "psr-4": {
                    "Psr\\Log\\": "Psr/Log/"
                }
            },
            "notification-url": "https://packagist.org/downloads/",
            "license": [
                "MIT"
            ],
            "authors": [
                {
                    "name": "PHP-FIG",
                    "homepage": "http://www.php-fig.org/"
                }
            ],
            "description": "Common interface for logging libraries",
            "homepage": "https://github.com/php-fig/log",
            "keywords": [
                "log",
                "psr",
                "psr-3"
            ],
            "time": "2018-11-21T13:42:00+00:00"
        },
        {
            "name": "react/promise",
            "version": "2.x-dev",
            "source": {
                "type": "git",
                "url": "https://github.com/reactphp/promise.git",
                "reference": "43896aa097d0233da13f81ca9df4efef5177cc82"
            },
            "dist": {
                "type": "zip",
                "url": "https://api.github.com/repos/reactphp/promise/zipball/43896aa097d0233da13f81ca9df4efef5177cc82",
                "reference": "43896aa097d0233da13f81ca9df4efef5177cc82",
                "shasum": ""
            },
            "require": {
                "php": ">=5.4.0"
            },
            "require-dev": {
                "phpunit/phpunit": "~4.8"
            },
            "type": "library",
            "autoload": {
                "psr-4": {
                    "React\\Promise\\": "src/"
                },
                "files": [
                    "src/functions_include.php"
                ]
            },
            "notification-url": "https://packagist.org/downloads/",
            "license": [
                "MIT"
            ],
            "authors": [
                {
                    "name": "Jan Sorgalla",
                    "email": "jsorgalla@gmail.com"
                }
            ],
            "description": "A lightweight implementation of CommonJS Promises/A for PHP",
            "keywords": [
                "promise",
                "promises"
            ],
            "time": "2019-01-08T16:10:34+00:00"
        },
        {
            "name": "swiftype/swiftype-common-php",
            "version": "dev-master",
            "source": {
                "type": "git",
                "url": "https://github.com/swiftype/swiftype-common-php.git",
                "reference": "58fac31947a3221b18ec0bfefb5dec5eec4962b8"
            },
            "dist": {
                "type": "zip",
                "url": "https://api.github.com/repos/swiftype/swiftype-common-php/zipball/58fac31947a3221b18ec0bfefb5dec5eec4962b8",
                "reference": "58fac31947a3221b18ec0bfefb5dec5eec4962b8",
                "shasum": ""
            },
            "require": {
                "guzzlehttp/ringphp": "^1.0",
                "php": "^5.6|^7.0",
                "psr/log": "^1.0."
            },
            "require-dev": {
                "friendsofphp/php-cs-fixer": "^2.14",
                "phpunit/phpunit": "6.3.0",
                "squizlabs/php_codesniffer": "^3.4.0"
            },
            "bin": [
                "resources/dev/swiftype-codegen.sh"
            ],
            "type": "library",
            "autoload": {
                "psr-4": {
                    "Swiftype\\": ""
                },
                "exclude-from-classmap": [
                    "/Tests/"
                ]
            },
            "notification-url": "https://packagist.org/downloads/",
            "license": [
                "Apache-2.0"
            ],
            "authors": [
                {
                    "name": "Aurélien FOUCRET",
                    "email": "aurelien.foucret@elastic.co"
                }
            ],
            "description": "A base library used to create Swiftype PHP clients.",
            "homepage": "https://github.com/swiftype/swiftype-common-php",
            "keywords": [
                "client",
                "search",
                "swiftype"
            ],
            "time": "2019-02-08T09:50:41+00:00"
        },
        {
            "name": "swiftype/swiftype-site-search-php",
            "version": "dev-master",
            "source": {
                "type": "git",
                "url": "git@github.com:swiftype/swiftype-site-search-php.git",
                "reference": "a8716dff82af9f7325c54c4f48c95854ffd706d3"
            },
            "dist": {
                "type": "zip",
                "url": "https://api.github.com/repos/swiftype/swiftype-site-search-php/zipball/a8716dff82af9f7325c54c4f48c95854ffd706d3",
                "reference": "a8716dff82af9f7325c54c4f48c95854ffd706d3",
                "shasum": ""
            },
            "require": {
                "php": "^5.6|^7.0",
                "psr/log": "^1.0.",
                "swiftype/swiftype-common-php": "dev-master@dev"
            },
            "require-dev": {
                "friendsofphp/php-cs-fixer": "^2.14",
                "phpunit/phpunit": "6.3.0",
                "squizlabs/php_codesniffer": "^3.4.0",
                "symfony/yaml": "*"
            },
            "type": "library",
            "autoload": {
                "psr-4": {
                    "Swiftype\\SiteSearch\\": ""
                },
                "exclude-from-classmap": [
                    "/Tests/"
                ]
            },
            "license": [
                "Apache-2.0"
            ],
            "authors": [
                {
                    "name": "Aurélien FOUCRET",
                    "email": "aurelien.foucret@elastic.co"
                }
            ],
            "description": "Swiftype Site Search Official PHP Client",
            "homepage": "https://github.com/swiftype/swiftype-app-search-php",
            "keywords": [
                "client",
                "php",
                "search",
                "swiftype"
            ],
            "support": {
                "source": "https://github.com/swiftype/swiftype-site-search-php/tree/master",
                "issues": "https://github.com/swiftype/swiftype-site-search-php/issues"
            },
            "time": "2019-02-08T09:55:38+00:00"
        }
    ],
    "packages-dev": [],
    "aliases": [],
    "minimum-stability": "dev",
    "stability-flags": {
        "swiftype/swiftype-site-search-php": 20
    },
    "prefer-stable": false,
    "prefer-lowest": false,
    "platform": [],
    "platform-dev": []
}
